
Microsoft Visual Studio Solution File, Format Version 12.00
# Visual Studio 15
VisualStudioVersion = 15.0.28307.489
MinimumVisualStudioVersion = 10.0.40219.1
Project("{FAE04EC0-301F-11D3-BF4B-00C04F79EFBC}") = "ParkingApp", "ParkingApp\ParkingApp.csproj", "{36D62140-6A51-43AF-A8BE-3CE3C38F4CB2}"
EndProject
Global
	GlobalSection(SolutionConfigurationPlatforms) = preSolution
		Debug|Any CPU = Debug|Any CPU
		Release|Any CPU = Release|Any CPU
	EndGlobalSection
	GlobalSection(ProjectConfigurationPlatforms) = postSolution
		{36D62140-6A51-43AF-A8BE-3CE3C38F4CB2}.Debug|Any CPU.ActiveCfg = Debug|Any CPU
		{36D62140-6A51-43AF-A8BE-3CE3C38F4CB2}.Debug|Any CPU.Build.0 = Debug|Any CPU
		{36D62140-6A51-43AF-A8BE-3CE3C38F4CB2}.Release|Any CPU.ActiveCfg = Release|Any CPU
		{36D62140-6A51-43AF-A8BE-3CE3C38F4CB2}.Release|Any CPU.Build.0 = Release|Any CPU
	EndGlobalSection
	GlobalSection(SolutionProperties) = preSolution
		HideSolutionNode = FALSE
	EndGlobalSection
	GlobalSection(ExtensibilityGlobals) = postSolution
		SolutionGuid = {73B3021E-71CB-4D82-9E8F-3CFC3CF205D2}
	EndGlobalSection
EndGlobal
